// !$*UTF8*$!
{
	archiveVersion = 1;
	classes = {
	};
	objectVersion = 46;
	objects = {

/* Begin PBXBuildFile section */
		025DBB7D892F56A0BEC8CED8 /* libPods-自做商城项目.a in Frameworks */ = {isa = PBXBuildFile; fileRef = F38FD43D65DCA48D419C796C /* libPods-自做商城项目.a */; };
		897E27901EF7B627000E416A /* main.m in Sources */ = {isa = PBXBuildFile; fileRef = 897E278F1EF7B627000E416A /* main.m */; };
		897E27931EF7B627000E416A /* AppDelegate.m in Sources */ = {isa = PBXBuildFile; fileRef = 897E27921EF7B627000E416A /* AppDelegate.m */; };
		897E27961EF7B627000E416A /* ViewController.m in Sources */ = {isa = PBXBuildFile; fileRef = 897E27951EF7B627000E416A /* ViewController.m */; };
		897E279C1EF7B627000E416A /* ______.xcdatamodeld in Sources */ = {isa = PBXBuildFile; fileRef = 897E279A1EF7B627000E416A /* ______.xcdatamodeld */; };
		897E279E1EF7B627000E416A /* Assets.xcassets in Resources */ = {isa = PBXBuildFile; fileRef = 897E279D1EF7B627000E416A /* Assets.xcassets */; };
		897E27A11EF7B627000E416A /* LaunchScreen.storyboard in Resources */ = {isa = PBXBuildFile; fileRef = 897E279F1EF7B627000E416A /* LaunchScreen.storyboard */; };
		897E27AC1EF7B627000E416A /* ______Tests.m in Sources */ = {isa = PBXBuildFile; fileRef = 897E27AB1EF7B627000E416A /* ______Tests.m */; };
		897E27B71EF7B627000E416A /* ______UITests.m in Sources */ = {isa = PBXBuildFile; fileRef = 897E27B61EF7B627000E416A /* ______UITests.m */; };
		897E27C81EF90A63000E416A /* AllenTabBarViewController.m in Sources */ = {isa = PBXBuildFile; fileRef = 897E27C71EF90A63000E416A /* AllenTabBarViewController.m */; };
		897E27CB1EF90D78000E416A /* AllenTimeViewController.m in Sources */ = {isa = PBXBuildFile; fileRef = 897E27CA1EF90D78000E416A /* AllenTimeViewController.m */; };
		897E27CE1EF90D93000E416A /* AllenClassViewController.m in Sources */ = {isa = PBXBuildFile; fileRef = 897E27CD1EF90D93000E416A /* AllenClassViewController.m */; };
		897E27D11EF90DA4000E416A /* AllenBuyCarViewController.m in Sources */ = {isa = PBXBuildFile; fileRef = 897E27D01EF90DA4000E416A /* AllenBuyCarViewController.m */; };
		897E27D41EF90DB2000E416A /* AllenMyViewController.m in Sources */ = {isa = PBXBuildFile; fileRef = 897E27D31EF90DB2000E416A /* AllenMyViewController.m */; };
		897E27D61EF91204000E416A /* AllenTabBarViewController.plist in Resources */ = {isa = PBXBuildFile; fileRef = 897E27D51EF91204000E416A /* AllenTabBarViewController.plist */; };
/* End PBXBuildFile section */

/* Begin PBXContainerItemProxy section */
		897E27A81EF7B627000E416A /* PBXContainerItemProxy */ = {
			isa = PBXContainerItemProxy;
			containerPortal = 897E27831EF7B627000E416A /* Project object */;
			proxyType = 1;
			remoteGlobalIDString = 897E278A1EF7B627000E416A;
			remoteInfo = "自做商城项目";
		};
		897E27B31EF7B627000E416A /* PBXContainerItemProxy */ = {
			isa = PBXContainerItemProxy;
			containerPortal = 897E27831EF7B627000E416A /* Project object */;
			proxyType = 1;
			remoteGlobalIDString = 897E278A1EF7B627000E416A;
			remoteInfo = "自做商城项目";
		};
/* End PBXContainerItemProxy section */

/* Begin PBXFileReference section */
		1137FFB2DA95EE50F15ED9E6 /* Pods-自做商城项目.debug.xcconfig */ = {isa = PBXFileReference; includeInIndex = 1; lastKnownFileType = text.xcconfig; name = "Pods-自做商城项目.debug.xcconfig"; path = "Pods/Target Support Files/Pods-自做商城项目/Pods-自做商城项目.debug.xcconfig"; sourceTree = "<group>"; };
		897E278B1EF7B627000E416A /* 自做商城项目.app */ = {isa = PBXFileReference; explicitFileType = wrapper.application; includeInIndex = 0; path = "自做商城项目.app"; sourceTree = BUILT_PRODUCTS_DIR; };
		897E278F1EF7B627000E416A /* main.m */ = {isa = PBXFileReference; lastKnownFileType = sourcecode.c.objc; path = main.m; sourceTree = "<group>"; };
		897E27911EF7B627000E416A /* AppDelegate.h */ = {isa = PBXFileReference; lastKnownFileType = sourcecode.c.h; path = AppDelegate.h; sourceTree = "<group>"; };
		897E27921EF7B627000E416A /* AppDelegate.m */ = {isa = PBXFileReference; lastKnownFileType = sourcecode.c.objc; path = AppDelegate.m; sourceTree = "<group>"; };
		897E27941EF7B627000E416A /* ViewController.h */ = {isa = PBXFileReference; lastKnownFileType = sourcecode.c.h; path = ViewController.h; sourceTree = "<group>"; };
		897E27951EF7B627000E416A /* ViewController.m */ = {isa = PBXFileReference; lastKnownFileType = sourcecode.c.objc; path = ViewController.m; sourceTree = "<group>"; };
		897E279B1EF7B627000E416A /* ______.xcdatamodel */ = {isa = PBXFileReference; lastKnownFileType = wrapper.xcdatamodel; path = "______.xcdatamodel"; sourceTree = "<group>"; };
		897E279D1EF7B627000E416A /* Assets.xcassets */ = {isa = PBXFileReference; lastKnownFileType = folder.assetcatalog; path = Assets.xcassets; sourceTree = "<group>"; };
		897E27A01EF7B627000E416A /* Base */ = {isa = PBXFileReference; lastKnownFileType = file.storyboard; name = Base; path = Base.lproj/LaunchScreen.storyboard; sourceTree = "<group>"; };
		897E27A21EF7B627000E416A /* Info.plist */ = {isa = PBXFileReference; lastKnownFileType = text.plist.xml; path = Info.plist; sourceTree = "<group>"; };
		897E27A71EF7B627000E416A /* 自做商城项目Tests.xctest */ = {isa = PBXFileReference; explicitFileType = wrapper.cfbundle; includeInIndex = 0; path = "自做商城项目Tests.xctest"; sourceTree = BUILT_PRODUCTS_DIR; };
		897E27AB1EF7B627000E416A /* ______Tests.m */ = {isa = PBXFileReference; lastKnownFileType = sourcecode.c.objc; path = "______Tests.m"; sourceTree = "<group>"; };
		897E27AD1EF7B627000E416A /* Info.plist */ = {isa = PBXFileReference; lastKnownFileType = text.plist.xml; path = Info.plist; sourceTree = "<group>"; };
		897E27B21EF7B627000E416A /* 自做商城项目UITests.xctest */ = {isa = PBXFileReference; explicitFileType = wrapper.cfbundle; includeInIndex = 0; path = "自做商城项目UITests.xctest"; sourceTree = BUILT_PRODUCTS_DIR; };
		897E27B61EF7B627000E416A /* ______UITests.m */ = {isa = PBXFileReference; lastKnownFileType = sourcecode.c.objc; path = "______UITests.m"; sourceTree = "<group>"; };
		897E27B81EF7B627000E416A /* Info.plist */ = {isa = PBXFileReference; lastKnownFileType = text.plist.xml; path = Info.plist; sourceTree = "<group>"; };
		897E27C61EF90A63000E416A /* AllenTabBarViewController.h */ = {isa = PBXFileReference; fileEncoding = 4; lastKnownFileType = sourcecode.c.h; path = AllenTabBarViewController.h; sourceTree = "<group>"; };
		897E27C71EF90A63000E416A /* AllenTabBarViewController.m */ = {isa = PBXFileReference; fileEncoding = 4; lastKnownFileType = sourcecode.c.objc; path = AllenTabBarViewController.m; sourceTree = "<group>"; };
		897E27C91EF90D78000E416A /* AllenTimeViewController.h */ = {isa = PBXFileReference; fileEncoding = 4; lastKnownFileType = sourcecode.c.h; path = AllenTimeViewController.h; sourceTree = "<group>"; };
		897E27CA1EF90D78000E416A /* AllenTimeViewController.m */ = {isa = PBXFileReference; fileEncoding = 4; lastKnownFileType = sourcecode.c.objc; path = AllenTimeViewController.m; sourceTree = "<group>"; };
		897E27CC1EF90D93000E416A /* AllenClassViewController.h */ = {isa = PBXFileReference; fileEncoding = 4; lastKnownFileType = sourcecode.c.h; path = AllenClassViewController.h; sourceTree = "<group>"; };
		897E27CD1EF90D93000E416A /* AllenClassViewController.m */ = {isa = PBXFileReference; fileEncoding = 4; lastKnownFileType = sourcecode.c.objc; path = AllenClassViewController.m; sourceTree = "<group>"; };
		897E27CF1EF90DA4000E416A /* AllenBuyCarViewController.h */ = {isa = PBXFileReference; fileEncoding = 4; lastKnownFileType = sourcecode.c.h; path = AllenBuyCarViewController.h; sourceTree = "<group>"; };
		897E27D01EF90DA4000E416A /* AllenBuyCarViewController.m */ = {isa = PBXFileReference; fileEncoding = 4; lastKnownFileType = sourcecode.c.objc; path = AllenBuyCarViewController.m; sourceTree = "<group>"; };
		897E27D21EF90DB2000E416A /* AllenMyViewController.h */ = {isa = PBXFileReference; fileEncoding = 4; lastKnownFileType = sourcecode.c.h; path = AllenMyViewController.h; sourceTree = "<group>"; };
		897E27D31EF90DB2000E416A /* AllenMyViewController.m */ = {isa = PBXFileReference; fileEncoding = 4; lastKnownFileType = sourcecode.c.objc; path = AllenMyViewController.m; sourceTree = "<group>"; };
		897E27D51EF91204000E416A /* AllenTabBarViewController.plist */ = {isa = PBXFileReference; fileEncoding = 4; lastKnownFileType = text.plist.xml; path = AllenTabBarViewController.plist; sourceTree = "<group>"; };
		8EF8E7603C1232A345FE6DAA /* Pods-自做商城项目.release.xcconfig */ = {isa = PBXFileReference; includeInIndex = 1; lastKnownFileType = text.xcconfig; name = "Pods-自做商城项目.release.xcconfig"; path = "Pods/Target Support Files/Pods-自做商城项目/Pods-自做商城项目.release.xcconfig"; sourceTree = "<group>"; };
		F38FD43D65DCA48D419C796C /* libPods-自做商城项目.a */ = {isa = PBXFileReference; explicitFileType = archive.ar; includeInIndex = 0; path = "libPods-自做商城项目.a"; sourceTree = BUILT_PRODUCTS_DIR; };
/* End PBXFileReference section */

/* Begin PBXFrameworksBuildPhase section */
		897E27881EF7B627000E416A /* Frameworks */ = {
			isa = PBXFrameworksBuildPhase;
			buildActionMask = 2147483647;
			files = (
				025DBB7D892F56A0BEC8CED8 /* libPods-自做商城项目.a in Frameworks */,
			);
			runOnlyForDeploymentPostprocessing = 0;
		};
		897E27A41EF7B627000E416A /* Frameworks */ = {
			isa = PBXFrameworksBuildPhase;
			buildActionMask = 2147483647;
			files = (
			);
			runOnlyForDeploymentPostprocessing = 0;
		};
		897E27AF1EF7B627000E416A /* Frameworks */ = {
			isa = PBXFrameworksBuildPhase;
			buildActionMask = 2147483647;
			files = (
			);
			runOnlyForDeploymentPostprocessing = 0;
		};
/* End PBXFrameworksBuildPhase section */

/* Begin PBXGroup section */
		556F6FDAFB7A5CAAAB2A902B /* Pods */ = {
			isa = PBXGroup;
			children = (
				1137FFB2DA95EE50F15ED9E6 /* Pods-自做商城项目.debug.xcconfig */,
				8EF8E7603C1232A345FE6DAA /* Pods-自做商城项目.release.xcconfig */,
			);
			name = Pods;
			sourceTree = "<group>";
		};
		891AB1D07410A5280E5681BC /* Frameworks */ = {
			isa = PBXGroup;
			children = (
				F38FD43D65DCA48D419C796C /* libPods-自做商城项目.a */,
			);
			name = Frameworks;
			sourceTree = "<group>";
		};
		897E27821EF7B627000E416A = {
			isa = PBXGroup;
			children = (
				897E278D1EF7B627000E416A /* 自做商城项目 */,
				897E27AA1EF7B627000E416A /* 自做商城项目Tests */,
				897E27B51EF7B627000E416A /* 自做商城项目UITests */,
				897E278C1EF7B627000E416A /* Products */,
				556F6FDAFB7A5CAAAB2A902B /* Pods */,
				891AB1D07410A5280E5681BC /* Frameworks */,
			);
			sourceTree = "<group>";
		};
		897E278C1EF7B627000E416A /* Products */ = {
			isa = PBXGroup;
			children = (
				897E278B1EF7B627000E416A /* 自做商城项目.app */,
				897E27A71EF7B627000E416A /* 自做商城项目Tests.xctest */,
				897E27B21EF7B627000E416A /* 自做商城项目UITests.xctest */,
			);
			name = Products;
			sourceTree = "<group>";
		};
		897E278D1EF7B627000E416A /* 自做商城项目 */ = {
			isa = PBXGroup;
			children = (
				897E27911EF7B627000E416A /* AppDelegate.h */,
				897E27921EF7B627000E416A /* AppDelegate.m */,
				897E27C61EF90A63000E416A /* AllenTabBarViewController.h */,
				897E27C71EF90A63000E416A /* AllenTabBarViewController.m */,
				897E27D51EF91204000E416A /* AllenTabBarViewController.plist */,
				897E27C91EF90D78000E416A /* AllenTimeViewController.h */,
				897E27CA1EF90D78000E416A /* AllenTimeViewController.m */,
				897E27CC1EF90D93000E416A /* AllenClassViewController.h */,
				897E27CD1EF90D93000E416A /* AllenClassViewController.m */,
				897E27CF1EF90DA4000E416A /* AllenBuyCarViewController.h */,
				897E27D01EF90DA4000E416A /* AllenBuyCarViewController.m */,
				897E27D21EF90DB2000E416A /* AllenMyViewController.h */,
				897E27D31EF90DB2000E416A /* AllenMyViewController.m */,
				897E27941EF7B627000E416A /* ViewController.h */,
				897E27951EF7B627000E416A /* ViewController.m */,
				897E279D1EF7B627000E416A /* Assets.xcassets */,
				897E279F1EF7B627000E416A /* LaunchScreen.storyboard */,
				897E27A21EF7B627000E416A /* Info.plist */,
				897E279A1EF7B627000E416A /* ______.xcdatamodeld */,
				897E278E1EF7B627000E416A /* Supporting Files */,
			);
			path = "自做商城项目";
			sourceTree = "<group>";
		};
		897E278E1EF7B627000E416A /* Supporting Files */ = {
			isa = PBXGroup;
			children = (
				897E278F1EF7B627000E416A /* main.m */,
			);
			name = "Supporting Files";
			sourceTree = "<group>";
		};
		897E27AA1EF7B627000E416A /* 自做商城项目Tests */ = {
			isa = PBXGroup;
			children = (
				897E27AB1EF7B627000E416A /* ______Tests.m */,
				897E27AD1EF7B627000E416A /* Info.plist */,
			);
			path = "自做商城项目Tests";
			sourceTree = "<group>";
		};
		897E27B51EF7B627000E416A /* 自做商城项目UITests */ = {
			isa = PBXGroup;
			children = (
				897E27B61EF7B627000E416A /* ______UITests.m */,
				897E27B81EF7B627000E416A /* Info.plist */,
			);
			path = "自做商城项目UITests";
			sourceTree = "<group>";
		};
/* End PBXGroup section */

/* Begin PBXNativeTarget section */
		897E278A1EF7B627000E416A /* 自做商城项目 */ = {
			isa = PBXNativeTarget;
			buildConfigurationList = 897E27BB1EF7B627000E416A /* Build configuration list for PBXNativeTarget "自做商城项目" */;
			buildPhases = (
				97D18807C19D486CF5253256 /* [CP] Check Pods Manifest.lock */,
				897E27871EF7B627000E416A /* Sources */,
				897E27881EF7B627000E416A /* Frameworks */,
				897E27891EF7B627000E416A /* Resources */,
				A4DF44FA135CED3B4C353243 /* [CP] Embed Pods Frameworks */,
				98D450B0CB4418EB09E0833A /* [CP] Copy Pods Resources */,
			);
			buildRules = (
			);
			dependencies = (
			);
			name = "自做商城项目";
			productName = "自做商城项目";
			productReference = 897E278B1EF7B627000E416A /* 自做商城项目.app */;
			productType = "com.apple.product-type.application";
		};
		897E27A61EF7B627000E416A /* 自做商城项目Tests */ = {
			isa = PBXNativeTarget;
			buildConfigurationList = 897E27BE1EF7B627000E416A /* Build configuration list for PBXNativeTarget "自做商城项目Tests" */;
			buildPhases = (
				897E27A31EF7B627000E416A /* Sources */,
				897E27A41EF7B627000E416A /* Frameworks */,
				897E27A51EF7B627000E416A /* Resources */,
			);
			buildRules = (
			);
			dependencies = (
				897E27A91EF7B627000E416A /* PBXTargetDependency */,
			);
			name = "自做商城项目Tests";
			productName = "自做商城项目Tests";
			productReference = 897E27A71EF7B627000E416A /* 自做商城项目Tests.xctest */;
			productType = "com.apple.product-type.bundle.unit-test";
		};
		897E27B11EF7B627000E416A /* 自做商城项目UITests */ = {
			isa = PBXNativeTarget;
			buildConfigurationList = 897E27C11EF7B627000E416A /* Build configuration list for PBXNativeTarget "自做商城项目UITests" */;
			buildPhases = (
				897E27AE1EF7B627000E416A /* Sources */,
				897E27AF1EF7B627000E416A /* Frameworks */,
				897E27B01EF7B627000E416A /* Resources */,
			);
			buildRules = (
			);
			dependencies = (
				897E27B41EF7B627000E416A /* PBXTargetDependency */,
			);
			name = "自做商城项目UITests";
			productName = "自做商城项目UITests";
			productReference = 897E27B21EF7B627000E416A /* 自做商城项目UITests.xctest */;
			productType = "com.apple.product-type.bundle.ui-testing";
		};
/* End PBXNativeTarget section */

/* Begin PBXProject section */
		897E27831EF7B627000E416A /* Project object */ = {
			isa = PBXProject;
			attributes = {
				CLASSPREFIX = Allen;
				LastUpgradeCheck = 0830;
				ORGANIZATIONNAME = tam;
				TargetAttributes = {
					897E278A1EF7B627000E416A = {
						CreatedOnToolsVersion = 8.3.3;
						DevelopmentTeam = 857N544TZ2;
						ProvisioningStyle = Automatic;
					};
					897E27A61EF7B627000E416A = {
						CreatedOnToolsVersion = 8.3.3;
						DevelopmentTeam = 857N544TZ2;
						ProvisioningStyle = Automatic;
						TestTargetID = 897E278A1EF7B627000E416A;
					};
					897E27B11EF7B627000E416A = {
						CreatedOnToolsVersion = 8.3.3;
						DevelopmentTeam = 857N544TZ2;
						ProvisioningStyle = Automatic;
						TestTargetID = 897E278A1EF7B627000E416A;
					};
				};
			};
			buildConfigurationList = 897E27861EF7B627000E416A /* Build configuration list for PBXProject "自做商城项目" */;
			compatibilityVersion = "Xcode 3.2";
			developmentRegion = English;
			hasScannedForEncodings = 0;
			knownRegions = (
				en,
				Base,
			);
			mainGroup = 897E27821EF7B627000E416A;
			productRefGroup = 897E278C1EF7B627000E416A /* Products */;
			projectDirPath = "";
			projectRoot = "";
			targets = (
				897E278A1EF7B627000E416A /* 自做商城项目 */,
				897E27A61EF7B627000E416A /* 自做商城项目Tests */,
				897E27B11EF7B627000E416A /* 自做商城项目UITests */,
			);
		};
/* End PBXProject section */

/* Begin PBXResourcesBuildPhase section */
		897E27891EF7B627000E416A /* Resources */ = {
			isa = PBXResourcesBuildPhase;
			buildActionMask = 2147483647;
			files = (
				897E27A11EF7B627000E416A /* LaunchScreen.storyboard in Resources */,
				897E27D61EF91204000E416A /* AllenTabBarViewController.plist in Resources */,
				897E279E1EF7B627000E416A /* Assets.xcassets in Resources */,
			);
			runOnlyForDeploymentPostprocessing = 0;
		};
		897E27A51EF7B627000E416A /* Resources */ = {
			isa = PBXResourcesBuildPhase;
			buildActionMask = 2147483647;
			files = (
			);
			runOnlyForDeploymentPostprocessing = 0;
		};
		897E27B01EF7B627000E416A /* Resources */ = {
			isa = PBXResourcesBuildPhase;
			buildActionMask = 2147483647;
			files = (
			);
			runOnlyForDeploymentPostprocessing = 0;
		};
/* End PBXResourcesBuildPhase section */

/* Begin PBXShellScriptBuildPhase section */
		97D18807C19D486CF5253256 /* [CP] Check Pods Manifest.lock */ = {
			isa = PBXShellScriptBuildPhase;
			buildActionMask = 2147483647;
			files = (
			);
			inputPaths = (
			);
			name = "[CP] Check Pods Manifest.lock";
			outputPaths = (
			);
			runOnlyForDeploymentPostprocessing = 0;
			shellPath = /bin/sh;
			shellScript = "diff \"${PODS_PODFILE_DIR_PATH}/Podfile.lock\" \"${PODS_ROOT}/Manifest.lock\" > /dev/null\nif [ $? != 0 ] ; then\n    # print error to STDERR\n    echo \"error: The sandbox is not in sync with the Podfile.lock. Run 'pod install' or update your CocoaPods installation.\" >&2\n    exit 1\nfi\n";
			showEnvVarsInLog = 0;
		};
		98D450B0CB4418EB09E0833A /* [CP] Copy Pods Resources */ = {
			isa = PBXShellScriptBuildPhase;
			buildActionMask = 2147483647;
			files = (
			);
			inputPaths = (
			);
			name = "[CP] Copy Pods Resources";
			outputPaths = (
			);
			runOnlyForDeploymentPostprocessing = 0;
			shellPath = /bin/sh;
			shellScript = "\"${SRCROOT}/Pods/Target Support Files/Pods-自做商城项目/Pods-自做商城项目-resources.sh\"\n";
			showEnvVarsInLog = 0;
		};
		A4DF44FA135CED3B4C353243 /* [CP] Embed Pods Frameworks */ = {
			isa = PBXShellScriptBuildPhase;
			buildActionMask = 2147483647;
			files = (
			);
			inputPaths = (
			);
			name = "[CP] Embed Pods Frameworks";
			outputPaths = (
			);
			runOnlyForDeploymentPostprocessing = 0;
			shellPath = /bin/sh;
			shellScript = "\"${SRCROOT}/Pods/Target Support Files/Pods-自做商城项目/Pods-自做商城项目-frameworks.sh\"\n";
			showEnvVarsInLog = 0;
		};
/* End PBXShellScriptBuildPhase section */

/* Begin PBXSourcesBuildPhase section */
		897E27871EF7B627000E416A /* Sources */ = {
			isa = PBXSourcesBuildPhase;
			buildActionMask = 2147483647;
			files = (
				897E27D41EF90DB2000E416A /* AllenMyViewController.m in Sources */,
				897E27CE1EF90D93000E416A /* AllenClassViewController.m in Sources */,
				897E27C81EF90A63000E416A /* AllenTabBarViewController.m in Sources */,
				897E27961EF7B627000E416A /* ViewController.m in Sources */,
				897E279C1EF7B627000E416A /* ______.xcdatamodeld in Sources */,
				897E27931EF7B627000E416A /* AppDelegate.m in Sources */,
				897E27CB1EF90D78000E416A /* AllenTimeViewController.m in Sources */,
				897E27901EF7B627000E416A /* main.m in Sources */,
				897E27D11EF90DA4000E416A /* AllenBuyCarViewController.m in Sources */,
			);
			runOnlyForDeploymentPostprocessing = 0;
		};
		897E27A31EF7B627000E416A /* Sources */ = {
			isa = PBXSourcesBuildPhase;
			buildActionMask = 2147483647;
			files = (
				897E27AC1EF7B627000E416A /* ______Tests.m in Sources */,
			);
			runOnlyForDeploymentPostprocessing = 0;
		};
		897E27AE1EF7B627000E416A /* Sources */ = {
			isa = PBXSourcesBuildPhase;
			buildActionMask = 2147483647;
			files = (
				897E27B71EF7B627000E416A /* ______UITests.m in Sources */,
			);
			runOnlyForDeploymentPostprocessing = 0;
		};
/* End PBXSourcesBuildPhase section */

/* Begin PBXTargetDependency section */
		897E27A91EF7B627000E416A /* PBXTargetDependency */ = {
			isa = PBXTargetDependency;
			target = 897E278A1EF7B627000E416A /* 自做商城项目 */;
			targetProxy = 897E27A81EF7B627000E416A /* PBXContainerItemProxy */;
		};
		897E27B41EF7B627000E416A /* PBXTargetDependency */ = {
			isa = PBXTargetDependency;
			target = 897E278A1EF7B627000E416A /* 自做商城项目 */;
			targetProxy = 897E27B31EF7B627000E416A /* PBXContainerItemProxy */;
		};
/* End PBXTargetDependency section */

/* Begin PBXVariantGroup section */
		897E279F1EF7B627000E416A /* LaunchScreen.storyboard */ = {
			isa = PBXVariantGroup;
			children = (
				897E27A01EF7B627000E416A /* Base */,
			);
			name = LaunchScreen.storyboard;
			sourceTree = "<group>";
		};
/* End PBXVariantGroup section */

/* Begin XCBuildConfiguration section */
		897E27B91EF7B627000E416A /* Debug */ = {
			isa = XCBuildConfiguration;
			buildSettings = {
				ALWAYS_SEARCH_USER_PATHS = NO;
				CLANG_ANALYZER_NONNULL = YES;
				CLANG_ANALYZER_NUMBER_OBJECT_CONVERSION = YES_AGGRESSIVE;
				CLANG_CXX_LANGUAGE_STANDARD = "gnu++0x";
				CLANG_CXX_LIBRARY = "libc++";
				CLANG_ENABLE_MODULES = YES;
				CLANG_ENABLE_OBJC_ARC = YES;
				CLANG_WARN_BOOL_CONVERSION = YES;
				CLANG_WARN_CONSTANT_CONVERSION = YES;
				CLANG_WARN_DIRECT_OBJC_ISA_USAGE = YES_ERROR;
				CLANG_WARN_DOCUMENTATION_COMMENTS = YES;
				CLANG_WARN_EMPTY_BODY = YES;
				CLANG_WARN_ENUM_CONVERSION = YES;
				CLANG_WARN_INFINITE_RECURSION = YES;
				CLANG_WARN_INT_CONVERSION = YES;
				CLANG_WARN_OBJC_ROOT_CLASS = YES_ERROR;
				CLANG_WARN_SUSPICIOUS_MOVE = YES;
				CLANG_WARN_UNREACHABLE_CODE = YES;
				CLANG_WARN__DUPLICATE_METHOD_MATCH = YES;
				"CODE_SIGN_IDENTITY[sdk=iphoneos*]" = "iPhone Developer";
				COPY_PHASE_STRIP = NO;
				DEBUG_INFORMATION_FORMAT = dwarf;
				ENABLE_STRICT_OBJC_MSGSEND = YES;
				ENABLE_TESTABILITY = YES;
				GCC_C_LANGUAGE_STANDARD = gnu99;
				GCC_DYNAMIC_NO_PIC = NO;
				GCC_NO_COMMON_BLOCKS = YES;
				GCC_OPTIMIZATION_LEVEL = 0;
				GCC_PREPROCESSOR_DEFINITIONS = (
					"DEBUG=1",
					"$(inherited)",
				);
				GCC_WARN_64_TO_32_BIT_CONVERSION = YES;
				GCC_WARN_ABOUT_RETURN_TYPE = YES_ERROR;
				GCC_WARN_UNDECLARED_SELECTOR = YES;
				GCC_WARN_UNINITIALIZED_AUTOS = YES_AGGRESSIVE;
				GCC_WARN_UNUSED_FUNCTION = YES;
				GCC_WARN_UNUSED_VARIABLE = YES;
				IPHONEOS_DEPLOYMENT_TARGET = 10.3;
				MTL_ENABLE_DEBUG_INFO = YES;
				ONLY_ACTIVE_ARCH = YES;
				SDKROOT = iphoneos;
			};
			name = Debug;
		};
		897E27BA1EF7B627000E416A /* Release */ = {
			isa = XCBuildConfiguration;
			buildSettings = {
				ALWAYS_SEARCH_USER_PATHS = NO;
				CLANG_ANALYZER_NONNULL = YES;
				CLANG_ANALYZER_NUMBER_OBJECT_CONVERSION = YES_AGGRESSIVE;
				CLANG_CXX_LANGUAGE_STANDARD = "gnu++0x";
				CLANG_CXX_LIBRARY = "libc++";
				CLANG_ENABLE_MODULES = YES;
				CLANG_ENABLE_OBJC_ARC = YES;
				CLANG_WARN_BOOL_CONVERSION = YES;
				CLANG_WARN_CONSTANT_CONVERSION = YES;
				CLANG_WARN_DIRECT_OBJC_ISA_USAGE = YES_ERROR;
				CLANG_WARN_DOCUMENTATION_COMMENTS = YES;
				CLANG_WARN_EMPTY_BODY = YES;
				CLANG_WARN_ENUM_CONVERSION = YES;
				CLANG_WARN_INFINITE_RECURSION = YES;
				CLANG_WARN_INT_CONVERSION = YES;
				CLANG_WARN_OBJC_ROOT_CLASS = YES_ERROR;
				CLANG_WARN_SUSPICIOUS_MOVE = YES;
				CLANG_WARN_UNREACHABLE_CODE = YES;
				CLANG_WARN__DUPLICATE_METHOD_MATCH = YES;
				"CODE_SIGN_IDENTITY[sdk=iphoneos*]" = "iPhone Developer";
				COPY_PHASE_STRIP = NO;
				DEBUG_INFORMATION_FORMAT = "dwarf-with-dsym";
				ENABLE_NS_ASSERTIONS = NO;
				ENABLE_STRICT_OBJC_MSGSEND = YES;
				GCC_C_LANGUAGE_STANDARD = gnu99;
				GCC_NO_COMMON_BLOCKS = YES;
				GCC_WARN_64_TO_32_BIT_CONVERSION = YES;
				GCC_WARN_ABOUT_RETURN_TYPE = YES_ERROR;
				GCC_WARN_UNDECLARED_SELECTOR = YES;
				GCC_WARN_UNINITIALIZED_AUTOS = YES_AGGRESSIVE;
				GCC_WARN_UNUSED_FUNCTION = YES;
				GCC_WARN_UNUSED_VARIABLE = YES;
				IPHONEOS_DEPLOYMENT_TARGET = 10.3;
				MTL_ENABLE_DEBUG_INFO = NO;
				SDKROOT = iphoneos;
				VALIDATE_PRODUCT = YES;
			};
			name = Release;
		};
		897E27BC1EF7B627000E416A /* Debug */ = {
			isa = XCBuildConfiguration;
			baseConfigurationReference = 1137FFB2DA95EE50F15ED9E6 /* Pods-自做商城项目.debug.xcconfig */;
			buildSettings = {
				ASSETCATALOG_COMPILER_APPICON_NAME = AppIcon;
				ASSETCATALOG_COMPILER_LAUNCHIMAGE_NAME = LaunchImage;
				DEVELOPMENT_TEAM = 857N544TZ2;
				INFOPLIST_FILE = "自做商城项目/Info.plist";
				IPHONEOS_DEPLOYMENT_TARGET = 8.0;
				LD_RUNPATH_SEARCH_PATHS = "$(inherited) @executable_path/Frameworks";
				PRODUCT_BUNDLE_IDENTIFIER = "com.tam.------";
				PRODUCT_NAME = "$(TARGET_NAME)";
			};
			name = Debug;
		};
		897E27BD1EF7B627000E416A /* Release */ = {
			isa = XCBuildConfiguration;
			baseConfigurationReference = 8EF8E7603C1232A345FE6DAA /* Pods-自做商城项目.release.xcconfig */;
			buildSettings = {
				ASSETCATALOG_COMPILER_APPICON_NAME = AppIcon;
				ASSETCATALOG_COMPILER_LAUNCHIMAGE_NAME = LaunchImage;
				DEVELOPMENT_TEAM = 857N544TZ2;
				INFOPLIST_FILE = "自做商城项目/Info.plist";
				IPHONEOS_DEPLOYMENT_TARGET = 8.0;
				LD_RUNPATH_SEARCH_PATHS = "$(inherited) @executable_path/Frameworks";
				PRODUCT_BUNDLE_IDENTIFIER = "com.tam.------";
				PRODUCT_NAME = "$(TARGET_NAME)";
			};
			name = Release;
		};
		897E27BF1EF7B627000E416A /* Debug */ = {
			isa = XCBuildConfiguration;
			buildSettings = {
				BUNDLE_LOADER = "$(TEST_HOST)";
				DEVELOPMENT_TEAM = 857N544TZ2;
				INFOPLIST_FILE = "自做商城项目Tests/Info.plist";
				LD_RUNPATH_SEARCH_PATHS = "$(inherited) @executable_path/Frameworks @loader_path/Frameworks";
				PRODUCT_BUNDLE_IDENTIFIER = "com.tam.------Tests";
				PRODUCT_NAME = "$(TARGET_NAME)";
				TEST_HOST = "$(BUILT_PRODUCTS_DIR)/自做商城项目.app/自做商城项目";
			};
			name = Debug;
		};
		897E27C01EF7B627000E416A /* Release */ = {
			isa = XCBuildConfiguration;
			buildSettings = {
				BUNDLE_LOADER = "$(TEST_HOST)";
				DEVELOPMENT_TEAM = 857N544TZ2;
				INFOPLIST_FILE = "自做商城项目Tests/Info.plist";
				LD_RUNPATH_SEARCH_PATHS = "$(inherited) @executable_path/Frameworks @loader_path/Frameworks";
				PRODUCT_BUNDLE_IDENTIFIER = "com.tam.------Tests";
				PRODUCT_NAME = "$(TARGET_NAME)";
				TEST_HOST = "$(BUILT_PRODUCTS_DIR)/自做商城项目.app/自做商城项目";
			};
			name = Release;
		};
		897E27C21EF7B627000E416A /* Debug */ = {
			isa = XCBuildConfiguration;
			buildSettings = {
				DEVELOPMENT_TEAM = 857N544TZ2;
				INFOPLIST_FILE = "自做商城项目UITests/Info.plist";
				LD_RUNPATH_SEARCH_PATHS = "$(inherited) @executable_path/Frameworks @loader_path/Frameworks";
				PRODUCT_BUNDLE_IDENTIFIER = "com.tam.------UITests";
				PRODUCT_NAME = "$(TARGET_NAME)";
				TEST_TARGET_NAME = "自做商城项目";
			};
			name = Debug;
		};
		897E27C31EF7B627000E416A /* Release */ = {
			isa = XCBuildConfiguration;
			buildSettings = {
				DEVELOPMENT_TEAM = 857N544TZ2;
				INFOPLIST_FILE = "自做商城项目UITests/Info.plist";
				LD_RUNPATH_SEARCH_PATHS = "$(inherited) @executable_path/Frameworks @loader_path/Frameworks";
				PRODUCT_BUNDLE_IDENTIFIER = "com.tam.------UITests";
				PRODUCT_NAME = "$(TARGET_NAME)";
				TEST_TARGET_NAME = "自做商城项目";
			};
			name = Release;
		};
/* End XCBuildConfiguration section */

/* Begin XCConfigurationList section */
		897E27861EF7B627000E416A /* Build configuration list for PBXProject "自做商城项目" */ = {
			isa = XCConfigurationList;
			buildConfigurations = (
				897E27B91EF7B627000E416A /* Debug */,
				897E27BA1EF7B627000E416A /* Release */,
			);
			defaultConfigurationIsVisible = 0;
			defaultConfigurationName = Release;
		};
		897E27BB1EF7B627000E416A /* Build configuration list for PBXNativeTarget "自做商城项目" */ = {
			isa = XCConfigurationList;
			buildConfigurations = (
				897E27BC1EF7B627000E416A /* Debug */,
				897E27BD1EF7B627000E416A /* Release */,
			);
			defaultConfigurationIsVisible = 0;
			defaultConfigurationName = Release;
		};
		897E27BE1EF7B627000E416A /* Build configuration list for PBXNativeTarget "自做商城项目Tests" */ = {
			isa = XCConfigurationList;
			buildConfigurations = (
				897E27BF1EF7B627000E416A /* Debug */,
				897E27C01EF7B627000E416A /* Release */,
			);
			defaultConfigurationIsVisible = 0;
			defaultConfigurationName = Release;
		};
		897E27C11EF7B627000E416A /* Build configuration list for PBXNativeTarget "自做商城项目UITests" */ = {
			isa = XCConfigurationList;
			buildConfigurations = (
				897E27C21EF7B627000E416A /* Debug */,
				897E27C31EF7B627000E416A /* Release */,
			);
			defaultConfigurationIsVisible = 0;
			defaultConfigurationName = Release;
		};
/* End XCConfigurationList section */

/* Begin XCVersionGroup section */
		897E279A1EF7B627000E416A /* ______.xcdatamodeld */ = {
			isa = XCVersionGroup;
			children = (
				897E279B1EF7B627000E416A /* ______.xcdatamodel */,
			);
			currentVersion = 897E279B1EF7B627000E416A /* ______.xcdatamodel */;
			path = "______.xcdatamodeld";
			sourceTree = "<group>";
			versionGroupType = wrapper.xcdatamodel;
		};
/* End XCVersionGroup section */
	};
	rootObject = 897E27831EF7B627000E416A /* Project object */;
}
